
Microsoft Visual Studio Solution File, Format Version 12.00
# Visual Studio 2017
Project("{FAE04EC0-301F-11D3-BF4B-00C04F79EFBC}") = "AR-Wizard", "AR-Wizard.csproj", "{3312CFBA-6B18-8ACF-A772-7FA6B2399E68}"
EndProject
Project("{FAE04EC0-301F-11D3-BF4B-00C04F79EFBC}") = "AR-Wizard.Editor", "AR-Wizard.Editor.csproj", "{58F658DA-1B61-9400-9145-ECBDF1820965}"
EndProject
Global
	GlobalSection(SolutionConfigurationPlatforms) = preSolution
		Debug|Any CPU = Debug|Any CPU
		Release|Any CPU = Release|Any CPU
	EndGlobalSection
	GlobalSection(ProjectConfigurationPlatforms) = postSolution
		{3312CFBA-6B18-8ACF-A772-7FA6B2399E68}.Debug|Any CPU.ActiveCfg = Debug|Any CPU
		{3312CFBA-6B18-8ACF-A772-7FA6B2399E68}.Debug|Any CPU.Build.0 = Debug|Any CPU
		{3312CFBA-6B18-8ACF-A772-7FA6B2399E68}.Release|Any CPU.ActiveCfg = Release|Any CPU
		{3312CFBA-6B18-8ACF-A772-7FA6B2399E68}.Release|Any CPU.Build.0 = Release|Any CPU
		{58F658DA-1B61-9400-9145-ECBDF1820965}.Debug|Any CPU.ActiveCfg = Debug|Any CPU
		{58F658DA-1B61-9400-9145-ECBDF1820965}.Debug|Any CPU.Build.0 = Debug|Any CPU
		{58F658DA-1B61-9400-9145-ECBDF1820965}.Release|Any CPU.ActiveCfg = Release|Any CPU
		{58F658DA-1B61-9400-9145-ECBDF1820965}.Release|Any CPU.Build.0 = Release|Any CPU
	EndGlobalSection
	GlobalSection(SolutionProperties) = preSolution
		HideSolutionNode = FALSE
	EndGlobalSection
EndGlobal
