
Microsoft Visual Studio Solution File, Format Version 12.00
# Visual Studio 2017
Project("{FAE04EC0-301F-11D3-BF4B-00C04F79EFBC}") = "HololensCalibration", "HololensCalibration.csproj", "{96101634-1BBA-41AD-A6EF-737913878EB9}"
EndProject
Project("{FAE04EC0-301F-11D3-BF4B-00C04F79EFBC}") = "HololensCalibration.Editor", "HololensCalibration.Editor.csproj", "{0E7937D5-6C41-C450-3F4B-2FB0EF597110}"
EndProject
Global
	GlobalSection(SolutionConfigurationPlatforms) = preSolution
		Debug|Any CPU = Debug|Any CPU
		Release|Any CPU = Release|Any CPU
	EndGlobalSection
	GlobalSection(ProjectConfigurationPlatforms) = postSolution
		{96101634-1BBA-41AD-A6EF-737913878EB9}.Debug|Any CPU.ActiveCfg = Debug|Any CPU
		{96101634-1BBA-41AD-A6EF-737913878EB9}.Debug|Any CPU.Build.0 = Debug|Any CPU
		{96101634-1BBA-41AD-A6EF-737913878EB9}.Release|Any CPU.ActiveCfg = Release|Any CPU
		{96101634-1BBA-41AD-A6EF-737913878EB9}.Release|Any CPU.Build.0 = Release|Any CPU
		{0E7937D5-6C41-C450-3F4B-2FB0EF597110}.Debug|Any CPU.ActiveCfg = Debug|Any CPU
		{0E7937D5-6C41-C450-3F4B-2FB0EF597110}.Debug|Any CPU.Build.0 = Debug|Any CPU
		{0E7937D5-6C41-C450-3F4B-2FB0EF597110}.Release|Any CPU.ActiveCfg = Release|Any CPU
		{0E7937D5-6C41-C450-3F4B-2FB0EF597110}.Release|Any CPU.Build.0 = Release|Any CPU
	EndGlobalSection
	GlobalSection(SolutionProperties) = preSolution
		HideSolutionNode = FALSE
	EndGlobalSection
EndGlobal
